
Microsoft Visual Studio Solution File, Format Version 12.00
# Visual Studio Version 16
VisualStudioVersion = 16.0.33529.622
MinimumVisualStudioVersion = 10.0.40219.1
Project("{FAE04EC0-301F-11D3-BF4B-00C04F79EFBC}") = "Quest 1", "Pol2\Quest 1.csproj", "{FFE5176B-64F1-4E3F-8F40-432584DC051E}"
EndProject
Project("{FAE04EC0-301F-11D3-BF4B-00C04F79EFBC}") = "Quest 2", "Quest2\Quest 2.csproj", "{CA54F735-9F31-4302-BDA8-5CD500CFED97}"
EndProject
Project("{FAE04EC0-301F-11D3-BF4B-00C04F79EFBC}") = "Quest 3", "Quest3\Quest 3.csproj", "{429B77E3-C377-4C1A-AA47-32B7A97652B3}"
EndProject
Project("{FAE04EC0-301F-11D3-BF4B-00C04F79EFBC}") = "Quest 4", "Quest4\Quest 4.csproj", "{6F1B4445-2550-4C42-8394-4EDE82E7FCE6}"
EndProject
Project("{FAE04EC0-301F-11D3-BF4B-00C04F79EFBC}") = "Quest 5", "Quest5\Quest 5.csproj", "{387F83BF-BC2A-4E8A-812A-2C225E5759CE}"
EndProject
Project("{FAE04EC0-301F-11D3-BF4B-00C04F79EFBC}") = "Quest 6", "Quest6\Quest 6.csproj", "{53D97A71-9EB0-4A86-9054-FA6284609DBC}"
EndProject
Project("{FAE04EC0-301F-11D3-BF4B-00C04F79EFBC}") = "Quest 7", "Quest7\Quest 7.csproj", "{99720A60-88BD-433E-A3D7-B2D09D037A7D}"
EndProject
Project("{FAE04EC0-301F-11D3-BF4B-00C04F79EFBC}") = "Quest 8", "Quest8\Quest 8.csproj", "{25033138-E6DD-453E-BA05-784E6FBEC6D1}"
EndProject
Project("{FAE04EC0-301F-11D3-BF4B-00C04F79EFBC}") = "Quest 9", "Quest9\Quest 9.csproj", "{999CF13C-C5E2-4DDA-8FAC-E41DAC1F3750}"
EndProject
Project("{FAE04EC0-301F-11D3-BF4B-00C04F79EFBC}") = "Quest10", "Quest10\Quest10.csproj", "{704EBEF4-0913-4F8E-93A0-300607078FDE}"
EndProject
Project("{FAE04EC0-301F-11D3-BF4B-00C04F79EFBC}") = "Quest11", "Quest11\Quest11.csproj", "{09AF9871-AE63-4416-85C6-EF74F26E44D1}"
EndProject
Project("{FAE04EC0-301F-11D3-BF4B-00C04F79EFBC}") = "Quest12", "Quest12\Quest12.csproj", "{BDC51EDC-67BA-4236-8CD9-6ACDAA9C3FD5}"
EndProject
Project("{FAE04EC0-301F-11D3-BF4B-00C04F79EFBC}") = "Quest13", "Quest13\Quest13.csproj", "{01D5B811-1DAA-4BA0-9E8B-2F0B31032298}"
EndProject
Project("{FAE04EC0-301F-11D3-BF4B-00C04F79EFBC}") = "Quest14", "Quest14\Quest14.csproj", "{4EF82D51-2091-4E5B-92FF-C5F320772905}"
EndProject
Project("{FAE04EC0-301F-11D3-BF4B-00C04F79EFBC}") = "Quest15", "Quest15\Quest15.csproj", "{4E74AF51-D9D0-4A2A-97AD-75C5B961D79A}"
EndProject
Project("{FAE04EC0-301F-11D3-BF4B-00C04F79EFBC}") = "Quest16", "Quest16\Quest16.csproj", "{FD403F8D-F140-40A6-85A5-9931C689007A}"
EndProject
Project("{FAE04EC0-301F-11D3-BF4B-00C04F79EFBC}") = "Quest17", "Quest17\Quest17.csproj", "{D65792B6-ED9F-4AA7-8A08-828B6CBE92FB}"
EndProject
Project("{FAE04EC0-301F-11D3-BF4B-00C04F79EFBC}") = "Quest18", "Quest18\Quest18.csproj", "{F6F55A75-A9AB-4E5E-95B3-F64D7DD70B87}"
EndProject
Project("{FAE04EC0-301F-11D3-BF4B-00C04F79EFBC}") = "Quest19", "Quest19\Quest19.csproj", "{1DDF3CB8-0A92-4D4E-9951-F8C0DBDD4FB6}"
EndProject
Project("{FAE04EC0-301F-11D3-BF4B-00C04F79EFBC}") = "Quest20", "Quest20\Quest20.csproj", "{9FCE2FF6-968D-4A4A-BC51-AF126DAC02A8}"
EndProject
Project("{FAE04EC0-301F-11D3-BF4B-00C04F79EFBC}") = "Quest21", "Quest21\Quest21.csproj", "{EFD24B20-0737-4EC3-A5F9-50831B3E37F0}"
EndProject
Project("{FAE04EC0-301F-11D3-BF4B-00C04F79EFBC}") = "Quest22", "Quest22\Quest22.csproj", "{1AD94FCC-4EE9-49D7-8CB9-1F6CA86C5659}"
EndProject
Project("{FAE04EC0-301F-11D3-BF4B-00C04F79EFBC}") = "Quest23", "Quest23\Quest23.csproj", "{CB769CE5-C404-4EEE-B8F9-3C8892DBD76D}"
EndProject
Global
	GlobalSection(SolutionConfigurationPlatforms) = preSolution
		Debug|Any CPU = Debug|Any CPU
		Release|Any CPU = Release|Any CPU
	EndGlobalSection
	GlobalSection(ProjectConfigurationPlatforms) = postSolution
		{FFE5176B-64F1-4E3F-8F40-432584DC051E}.Debug|Any CPU.ActiveCfg = Debug|Any CPU
		{FFE5176B-64F1-4E3F-8F40-432584DC051E}.Debug|Any CPU.Build.0 = Debug|Any CPU
		{FFE5176B-64F1-4E3F-8F40-432584DC051E}.Release|Any CPU.ActiveCfg = Release|Any CPU
		{FFE5176B-64F1-4E3F-8F40-432584DC051E}.Release|Any CPU.Build.0 = Release|Any CPU
		{CA54F735-9F31-4302-BDA8-5CD500CFED97}.Debug|Any CPU.ActiveCfg = Debug|Any CPU
		{CA54F735-9F31-4302-BDA8-5CD500CFED97}.Debug|Any CPU.Build.0 = Debug|Any CPU
		{CA54F735-9F31-4302-BDA8-5CD500CFED97}.Release|Any CPU.ActiveCfg = Release|Any CPU
		{CA54F735-9F31-4302-BDA8-5CD500CFED97}.Release|Any CPU.Build.0 = Release|Any CPU
		{429B77E3-C377-4C1A-AA47-32B7A97652B3}.Debug|Any CPU.ActiveCfg = Debug|Any CPU
		{429B77E3-C377-4C1A-AA47-32B7A97652B3}.Debug|Any CPU.Build.0 = Debug|Any CPU
		{429B77E3-C377-4C1A-AA47-32B7A97652B3}.Release|Any CPU.ActiveCfg = Release|Any CPU
		{429B77E3-C377-4C1A-AA47-32B7A97652B3}.Release|Any CPU.Build.0 = Release|Any CPU
		{6F1B4445-2550-4C42-8394-4EDE82E7FCE6}.Debug|Any CPU.ActiveCfg = Debug|Any CPU
		{6F1B4445-2550-4C42-8394-4EDE82E7FCE6}.Debug|Any CPU.Build.0 = Debug|Any CPU
		{6F1B4445-2550-4C42-8394-4EDE82E7FCE6}.Release|Any CPU.ActiveCfg = Release|Any CPU
		{6F1B4445-2550-4C42-8394-4EDE82E7FCE6}.Release|Any CPU.Build.0 = Release|Any CPU
		{387F83BF-BC2A-4E8A-812A-2C225E5759CE}.Debug|Any CPU.ActiveCfg = Debug|Any CPU
		{387F83BF-BC2A-4E8A-812A-2C225E5759CE}.Debug|Any CPU.Build.0 = Debug|Any CPU
		{387F83BF-BC2A-4E8A-812A-2C225E5759CE}.Release|Any CPU.ActiveCfg = Release|Any CPU
		{387F83BF-BC2A-4E8A-812A-2C225E5759CE}.Release|Any CPU.Build.0 = Release|Any CPU
		{53D97A71-9EB0-4A86-9054-FA6284609DBC}.Debug|Any CPU.ActiveCfg = Debug|Any CPU
		{53D97A71-9EB0-4A86-9054-FA6284609DBC}.Debug|Any CPU.Build.0 = Debug|Any CPU
		{53D97A71-9EB0-4A86-9054-FA6284609DBC}.Release|Any CPU.ActiveCfg = Release|Any CPU
		{53D97A71-9EB0-4A86-9054-FA6284609DBC}.Release|Any CPU.Build.0 = Release|Any CPU
		{99720A60-88BD-433E-A3D7-B2D09D037A7D}.Debug|Any CPU.ActiveCfg = Debug|Any CPU
		{99720A60-88BD-433E-A3D7-B2D09D037A7D}.Debug|Any CPU.Build.0 = Debug|Any CPU
		{99720A60-88BD-433E-A3D7-B2D09D037A7D}.Release|Any CPU.ActiveCfg = Release|Any CPU
		{99720A60-88BD-433E-A3D7-B2D09D037A7D}.Release|Any CPU.Build.0 = Release|Any CPU
		{25033138-E6DD-453E-BA05-784E6FBEC6D1}.Debug|Any CPU.ActiveCfg = Debug|Any CPU
		{25033138-E6DD-453E-BA05-784E6FBEC6D1}.Debug|Any CPU.Build.0 = Debug|Any CPU
		{25033138-E6DD-453E-BA05-784E6FBEC6D1}.Release|Any CPU.ActiveCfg = Release|Any CPU
		{25033138-E6DD-453E-BA05-784E6FBEC6D1}.Release|Any CPU.Build.0 = Release|Any CPU
		{999CF13C-C5E2-4DDA-8FAC-E41DAC1F3750}.Debug|Any CPU.ActiveCfg = Debug|Any CPU
		{999CF13C-C5E2-4DDA-8FAC-E41DAC1F3750}.Debug|Any CPU.Build.0 = Debug|Any CPU
		{999CF13C-C5E2-4DDA-8FAC-E41DAC1F3750}.Release|Any CPU.ActiveCfg = Release|Any CPU
		{999CF13C-C5E2-4DDA-8FAC-E41DAC1F3750}.Release|Any CPU.Build.0 = Release|Any CPU
		{704EBEF4-0913-4F8E-93A0-300607078FDE}.Debug|Any CPU.ActiveCfg = Debug|Any CPU
		{704EBEF4-0913-4F8E-93A0-300607078FDE}.Debug|Any CPU.Build.0 = Debug|Any CPU
		{704EBEF4-0913-4F8E-93A0-300607078FDE}.Release|Any CPU.ActiveCfg = Release|Any CPU
		{704EBEF4-0913-4F8E-93A0-300607078FDE}.Release|Any CPU.Build.0 = Release|Any CPU
		{09AF9871-AE63-4416-85C6-EF74F26E44D1}.Debug|Any CPU.ActiveCfg = Debug|Any CPU
		{09AF9871-AE63-4416-85C6-EF74F26E44D1}.Debug|Any CPU.Build.0 = Debug|Any CPU
		{09AF9871-AE63-4416-85C6-EF74F26E44D1}.Release|Any CPU.ActiveCfg = Release|Any CPU
		{09AF9871-AE63-4416-85C6-EF74F26E44D1}.Release|Any CPU.Build.0 = Release|Any CPU
		{BDC51EDC-67BA-4236-8CD9-6ACDAA9C3FD5}.Debug|Any CPU.ActiveCfg = Debug|Any CPU
		{BDC51EDC-67BA-4236-8CD9-6ACDAA9C3FD5}.Debug|Any CPU.Build.0 = Debug|Any CPU
		{BDC51EDC-67BA-4236-8CD9-6ACDAA9C3FD5}.Release|Any CPU.ActiveCfg = Release|Any CPU
		{BDC51EDC-67BA-4236-8CD9-6ACDAA9C3FD5}.Release|Any CPU.Build.0 = Release|Any CPU
		{01D5B811-1DAA-4BA0-9E8B-2F0B31032298}.Debug|Any CPU.ActiveCfg = Debug|Any CPU
		{01D5B811-1DAA-4BA0-9E8B-2F0B31032298}.Debug|Any CPU.Build.0 = Debug|Any CPU
		{01D5B811-1DAA-4BA0-9E8B-2F0B31032298}.Release|Any CPU.ActiveCfg = Release|Any CPU
		{01D5B811-1DAA-4BA0-9E8B-2F0B31032298}.Release|Any CPU.Build.0 = Release|Any CPU
		{4EF82D51-2091-4E5B-92FF-C5F320772905}.Debug|Any CPU.ActiveCfg = Debug|Any CPU
		{4EF82D51-2091-4E5B-92FF-C5F320772905}.Debug|Any CPU.Build.0 = Debug|Any CPU
		{4EF82D51-2091-4E5B-92FF-C5F320772905}.Release|Any CPU.ActiveCfg = Release|Any CPU
		{4EF82D51-2091-4E5B-92FF-C5F320772905}.Release|Any CPU.Build.0 = Release|Any CPU
		{4E74AF51-D9D0-4A2A-97AD-75C5B961D79A}.Debug|Any CPU.ActiveCfg = Debug|Any CPU
		{4E74AF51-D9D0-4A2A-97AD-75C5B961D79A}.Debug|Any CPU.Build.0 = Debug|Any CPU
		{4E74AF51-D9D0-4A2A-97AD-75C5B961D79A}.Release|Any CPU.ActiveCfg = Release|Any CPU
		{4E74AF51-D9D0-4A2A-97AD-75C5B961D79A}.Release|Any CPU.Build.0 = Release|Any CPU
		{FD403F8D-F140-40A6-85A5-9931C689007A}.Debug|Any CPU.ActiveCfg = Debug|Any CPU
		{FD403F8D-F140-40A6-85A5-9931C689007A}.Debug|Any CPU.Build.0 = Debug|Any CPU
		{FD403F8D-F140-40A6-85A5-9931C689007A}.Release|Any CPU.ActiveCfg = Release|Any CPU
		{FD403F8D-F140-40A6-85A5-9931C689007A}.Release|Any CPU.Build.0 = Release|Any CPU
		{D65792B6-ED9F-4AA7-8A08-828B6CBE92FB}.Debug|Any CPU.ActiveCfg = Debug|Any CPU
		{D65792B6-ED9F-4AA7-8A08-828B6CBE92FB}.Debug|Any CPU.Build.0 = Debug|Any CPU
		{D65792B6-ED9F-4AA7-8A08-828B6CBE92FB}.Release|Any CPU.ActiveCfg = Release|Any CPU
		{D65792B6-ED9F-4AA7-8A08-828B6CBE92FB}.Release|Any CPU.Build.0 = Release|Any CPU
		{F6F55A75-A9AB-4E5E-95B3-F64D7DD70B87}.Debug|Any CPU.ActiveCfg = Debug|Any CPU
		{F6F55A75-A9AB-4E5E-95B3-F64D7DD70B87}.Debug|Any CPU.Build.0 = Debug|Any CPU
		{F6F55A75-A9AB-4E5E-95B3-F64D7DD70B87}.Release|Any CPU.ActiveCfg = Release|Any CPU
		{F6F55A75-A9AB-4E5E-95B3-F64D7DD70B87}.Release|Any CPU.Build.0 = Release|Any CPU
		{1DDF3CB8-0A92-4D4E-9951-F8C0DBDD4FB6}.Debug|Any CPU.ActiveCfg = Debug|Any CPU
		{1DDF3CB8-0A92-4D4E-9951-F8C0DBDD4FB6}.Debug|Any CPU.Build.0 = Debug|Any CPU
		{1DDF3CB8-0A92-4D4E-9951-F8C0DBDD4FB6}.Release|Any CPU.ActiveCfg = Release|Any CPU
		{1DDF3CB8-0A92-4D4E-9951-F8C0DBDD4FB6}.Release|Any CPU.Build.0 = Release|Any CPU
		{9FCE2FF6-968D-4A4A-BC51-AF126DAC02A8}.Debug|Any CPU.ActiveCfg = Debug|Any CPU
		{9FCE2FF6-968D-4A4A-BC51-AF126DAC02A8}.Debug|Any CPU.Build.0 = Debug|Any CPU
		{9FCE2FF6-968D-4A4A-BC51-AF126DAC02A8}.Release|Any CPU.ActiveCfg = Release|Any CPU
		{9FCE2FF6-968D-4A4A-BC51-AF126DAC02A8}.Release|Any CPU.Build.0 = Release|Any CPU
		{EFD24B20-0737-4EC3-A5F9-50831B3E37F0}.Debug|Any CPU.ActiveCfg = Debug|Any CPU
		{EFD24B20-0737-4EC3-A5F9-50831B3E37F0}.Debug|Any CPU.Build.0 = Debug|Any CPU
		{EFD24B20-0737-4EC3-A5F9-50831B3E37F0}.Release|Any CPU.ActiveCfg = Release|Any CPU
		{EFD24B20-0737-4EC3-A5F9-50831B3E37F0}.Release|Any CPU.Build.0 = Release|Any CPU
		{1AD94FCC-4EE9-49D7-8CB9-1F6CA86C5659}.Debug|Any CPU.ActiveCfg = Debug|Any CPU
		{1AD94FCC-4EE9-49D7-8CB9-1F6CA86C5659}.Debug|Any CPU.Build.0 = Debug|Any CPU
		{1AD94FCC-4EE9-49D7-8CB9-1F6CA86C5659}.Release|Any CPU.ActiveCfg = Release|Any CPU
		{1AD94FCC-4EE9-49D7-8CB9-1F6CA86C5659}.Release|Any CPU.Build.0 = Release|Any CPU
		{CB769CE5-C404-4EEE-B8F9-3C8892DBD76D}.Debug|Any CPU.ActiveCfg = Debug|Any CPU
		{CB769CE5-C404-4EEE-B8F9-3C8892DBD76D}.Debug|Any CPU.Build.0 = Debug|Any CPU
		{CB769CE5-C404-4EEE-B8F9-3C8892DBD76D}.Release|Any CPU.ActiveCfg = Release|Any CPU
		{CB769CE5-C404-4EEE-B8F9-3C8892DBD76D}.Release|Any CPU.Build.0 = Release|Any CPU
	EndGlobalSection
	GlobalSection(SolutionProperties) = preSolution
		HideSolutionNode = FALSE
	EndGlobalSection
	GlobalSection(ExtensibilityGlobals) = postSolution
		SolutionGuid = {32908690-2669-4F17-9FB8-5F09A684EBA9}
	EndGlobalSection
EndGlobal
